
Microsoft Visual Studio Solution File, Format Version 12.00
# Visual Studio Version 16
VisualStudioVersion = 16.0.31313.79
MinimumVisualStudioVersion = 10.0.40219.1
Project("{9A19103F-16F7-4668-BE54-9A1E7A4F7556}") = "Anabasis.MethodCache", "Anabasis.MethodCache\Anabasis.MethodCache.csproj", "{4FFC2A35-CBAB-4058-AC81-8E961914AEAC}"
	ProjectSection(ProjectDependencies) = postProject
		{A5A267CA-BE1C-48A5-A9E3-77692A00CFD5} = {A5A267CA-BE1C-48A5-A9E3-77692A00CFD5}
	EndProjectSection
EndProject
Project("{9A19103F-16F7-4668-BE54-9A1E7A4F7556}") = "Anabasis.MethodCache.Fody", "Anabasis.MethodCache.Fody\Anabasis.MethodCache.Fody.csproj", "{A5A267CA-BE1C-48A5-A9E3-77692A00CFD5}"
EndProject
Project("{2150E333-8FDC-42A3-9474-1A3956D46DE8}") = "Solution Items", "Solution Items", "{3BD1D21E-7E50-48D5-B0DA-7BC5E8F0DCAD}"
	ProjectSection(SolutionItems) = preProject
		.github\workflows\dotnet.yml = .github\workflows\dotnet.yml
		README.md = README.md
	EndProjectSection
EndProject
Project("{9A19103F-16F7-4668-BE54-9A1E7A4F7556}") = "Anabasis.MethodCache.AspNet", "Anabasis.MethodCache.AspNet\Anabasis.MethodCache.AspNet.csproj", "{29AF6739-BA37-493C-999E-5457B1BBF0D4}"
EndProject
Project("{9A19103F-16F7-4668-BE54-9A1E7A4F7556}") = "Anabasis.MethodCache.SmokeTest", "Anabasis.MethodCache.SmokeTest\Anabasis.MethodCache.SmokeTest.csproj", "{1F7B07D7-477F-4A5F-8601-1E9E8F16012F}"
	ProjectSection(ProjectDependencies) = postProject
		{A5A267CA-BE1C-48A5-A9E3-77692A00CFD5} = {A5A267CA-BE1C-48A5-A9E3-77692A00CFD5}
	EndProjectSection
EndProject
Project("{9A19103F-16F7-4668-BE54-9A1E7A4F7556}") = "Anabasis.MethodCache.Samples", "Anabasis.MethodCache.Samples\Anabasis.MethodCache.Samples.csproj", "{78AE35F9-B5FD-4449-B16C-1D453A3FE33D}"
	ProjectSection(ProjectDependencies) = postProject
		{A5A267CA-BE1C-48A5-A9E3-77692A00CFD5} = {A5A267CA-BE1C-48A5-A9E3-77692A00CFD5}
	EndProjectSection
EndProject
Global
	GlobalSection(SolutionConfigurationPlatforms) = preSolution
		Debug|Any CPU = Debug|Any CPU
		Release|Any CPU = Release|Any CPU
	EndGlobalSection
	GlobalSection(ProjectConfigurationPlatforms) = postSolution
		{4FFC2A35-CBAB-4058-AC81-8E961914AEAC}.Debug|Any CPU.ActiveCfg = Debug|Any CPU
		{4FFC2A35-CBAB-4058-AC81-8E961914AEAC}.Debug|Any CPU.Build.0 = Debug|Any CPU
		{4FFC2A35-CBAB-4058-AC81-8E961914AEAC}.Release|Any CPU.ActiveCfg = Release|Any CPU
		{4FFC2A35-CBAB-4058-AC81-8E961914AEAC}.Release|Any CPU.Build.0 = Release|Any CPU
		{A5A267CA-BE1C-48A5-A9E3-77692A00CFD5}.Debug|Any CPU.ActiveCfg = Debug|Any CPU
		{A5A267CA-BE1C-48A5-A9E3-77692A00CFD5}.Debug|Any CPU.Build.0 = Debug|Any CPU
		{A5A267CA-BE1C-48A5-A9E3-77692A00CFD5}.Release|Any CPU.ActiveCfg = Release|Any CPU
		{A5A267CA-BE1C-48A5-A9E3-77692A00CFD5}.Release|Any CPU.Build.0 = Release|Any CPU
		{29AF6739-BA37-493C-999E-5457B1BBF0D4}.Debug|Any CPU.ActiveCfg = Debug|Any CPU
		{29AF6739-BA37-493C-999E-5457B1BBF0D4}.Debug|Any CPU.Build.0 = Debug|Any CPU
		{29AF6739-BA37-493C-999E-5457B1BBF0D4}.Release|Any CPU.ActiveCfg = Release|Any CPU
		{29AF6739-BA37-493C-999E-5457B1BBF0D4}.Release|Any CPU.Build.0 = Release|Any CPU
		{1F7B07D7-477F-4A5F-8601-1E9E8F16012F}.Debug|Any CPU.ActiveCfg = Debug|Any CPU
		{1F7B07D7-477F-4A5F-8601-1E9E8F16012F}.Debug|Any CPU.Build.0 = Debug|Any CPU
		{1F7B07D7-477F-4A5F-8601-1E9E8F16012F}.Release|Any CPU.ActiveCfg = Release|Any CPU
		{1F7B07D7-477F-4A5F-8601-1E9E8F16012F}.Release|Any CPU.Build.0 = Release|Any CPU
		{78AE35F9-B5FD-4449-B16C-1D453A3FE33D}.Debug|Any CPU.ActiveCfg = Debug|Any CPU
		{78AE35F9-B5FD-4449-B16C-1D453A3FE33D}.Debug|Any CPU.Build.0 = Debug|Any CPU
		{78AE35F9-B5FD-4449-B16C-1D453A3FE33D}.Release|Any CPU.ActiveCfg = Release|Any CPU
		{78AE35F9-B5FD-4449-B16C-1D453A3FE33D}.Release|Any CPU.Build.0 = Release|Any CPU
	EndGlobalSection
	GlobalSection(SolutionProperties) = preSolution
		HideSolutionNode = FALSE
	EndGlobalSection
	GlobalSection(ExtensibilityGlobals) = postSolution
		SolutionGuid = {F676533B-12FC-4BA2-BBD4-020176A9E64F}
	EndGlobalSection
EndGlobal
