
Microsoft Visual Studio Solution File, Format Version 12.00
# Visual Studio Version 16
VisualStudioVersion = 16.0.31313.79
MinimumVisualStudioVersion = 10.0.40219.1
Project("{9A19103F-16F7-4668-BE54-9A1E7A4F7556}") = "Anabasis.MethodCache", "Anabasis.MethodCache\Anabasis.MethodCache.csproj", "{4FFC2A35-CBAB-4058-AC81-8E961914AEAC}"
EndProject
Project("{9A19103F-16F7-4668-BE54-9A1E7A4F7556}") = "Anabasis.MethodCache.Fody", "Anabasis.MethodCache.Fody\Anabasis.MethodCache.Fody.csproj", "{A5A267CA-BE1C-48A5-A9E3-77692A00CFD5}"
EndProject
Project("{9A19103F-16F7-4668-BE54-9A1E7A4F7556}") = "Anabasis.MethodCache.Test.Assembly", "Anabasis.MethodCache.Test.Assembly\Anabasis.MethodCache.Test.Assembly.csproj", "{DF6E227A-4D73-486D-ADA1-A0944AEE7E97}"
EndProject
Project("{9A19103F-16F7-4668-BE54-9A1E7A4F7556}") = "Anabasis.MethodCache.Test", "Anabasis.MethodCache.Test\Anabasis.MethodCache.Test.csproj", "{4F9C9B73-DAA8-4E82-8BE6-AEB5ED1E7118}"
EndProject
Project("{9A19103F-16F7-4668-BE54-9A1E7A4F7556}") = "Anabasis.MethodCache.SmokeTest", "Anabasis.MethodCache.SmokeTest\Anabasis.MethodCache.SmokeTest.csproj", "{D1DB90D2-DDAC-4F5E-86FA-2D711874F21A}"
EndProject
Project("{2150E333-8FDC-42A3-9474-1A3956D46DE8}") = "Solution Items", "Solution Items", "{3BD1D21E-7E50-48D5-B0DA-7BC5E8F0DCAD}"
	ProjectSection(SolutionItems) = preProject
		.github\workflows\dotnet.yml = .github\workflows\dotnet.yml
		README.md = README.md
	EndProjectSection
EndProject
Project("{9A19103F-16F7-4668-BE54-9A1E7A4F7556}") = "Anabasis.MethodCache.Test.Common", "Anabasis.MethodCache.Test.Common\Anabasis.MethodCache.Test.Common.csproj", "{4FC27E60-0A67-454A-ACE2-ABBBF213DB67}"
EndProject
Project("{9A19103F-16F7-4668-BE54-9A1E7A4F7556}") = "Anabasis.MethodCache.AspNet", "Anabasis.MethodCache.AspNet\Anabasis.MethodCache.AspNet.csproj", "{29AF6739-BA37-493C-999E-5457B1BBF0D4}"
EndProject
Project("{9A19103F-16F7-4668-BE54-9A1E7A4F7556}") = "Anabasis.MethodCache.AspNet.Tests", "Anabasis.MethodCache.AspNet.Tests\Anabasis.MethodCache.AspNet.Tests.csproj", "{9131191B-AEA0-42D4-AAE2-C5AEC67F4A2D}"
EndProject
Project("{9A19103F-16F7-4668-BE54-9A1E7A4F7556}") = "Anabasis.MethodCache.Samples", "Anabasis.MethodCache.Samples\Anabasis.MethodCache.Samples.csproj", "{BD127D4D-490B-4BB7-86B0-0A07AFA10F1E}"
EndProject
Global
	GlobalSection(SolutionConfigurationPlatforms) = preSolution
		Debug|Any CPU = Debug|Any CPU
		Release|Any CPU = Release|Any CPU
	EndGlobalSection
	GlobalSection(ProjectConfigurationPlatforms) = postSolution
		{4FFC2A35-CBAB-4058-AC81-8E961914AEAC}.Debug|Any CPU.ActiveCfg = Debug|Any CPU
		{4FFC2A35-CBAB-4058-AC81-8E961914AEAC}.Debug|Any CPU.Build.0 = Debug|Any CPU
		{4FFC2A35-CBAB-4058-AC81-8E961914AEAC}.Release|Any CPU.ActiveCfg = Release|Any CPU
		{4FFC2A35-CBAB-4058-AC81-8E961914AEAC}.Release|Any CPU.Build.0 = Release|Any CPU
		{A5A267CA-BE1C-48A5-A9E3-77692A00CFD5}.Debug|Any CPU.ActiveCfg = Debug|Any CPU
		{A5A267CA-BE1C-48A5-A9E3-77692A00CFD5}.Debug|Any CPU.Build.0 = Debug|Any CPU
		{A5A267CA-BE1C-48A5-A9E3-77692A00CFD5}.Release|Any CPU.ActiveCfg = Release|Any CPU
		{A5A267CA-BE1C-48A5-A9E3-77692A00CFD5}.Release|Any CPU.Build.0 = Release|Any CPU
		{DF6E227A-4D73-486D-ADA1-A0944AEE7E97}.Debug|Any CPU.ActiveCfg = Debug|Any CPU
		{DF6E227A-4D73-486D-ADA1-A0944AEE7E97}.Debug|Any CPU.Build.0 = Debug|Any CPU
		{DF6E227A-4D73-486D-ADA1-A0944AEE7E97}.Release|Any CPU.ActiveCfg = Release|Any CPU
		{DF6E227A-4D73-486D-ADA1-A0944AEE7E97}.Release|Any CPU.Build.0 = Release|Any CPU
		{4F9C9B73-DAA8-4E82-8BE6-AEB5ED1E7118}.Debug|Any CPU.ActiveCfg = Debug|Any CPU
		{4F9C9B73-DAA8-4E82-8BE6-AEB5ED1E7118}.Debug|Any CPU.Build.0 = Debug|Any CPU
		{4F9C9B73-DAA8-4E82-8BE6-AEB5ED1E7118}.Release|Any CPU.ActiveCfg = Release|Any CPU
		{4F9C9B73-DAA8-4E82-8BE6-AEB5ED1E7118}.Release|Any CPU.Build.0 = Release|Any CPU
		{D1DB90D2-DDAC-4F5E-86FA-2D711874F21A}.Debug|Any CPU.ActiveCfg = Debug|Any CPU
		{D1DB90D2-DDAC-4F5E-86FA-2D711874F21A}.Debug|Any CPU.Build.0 = Debug|Any CPU
		{D1DB90D2-DDAC-4F5E-86FA-2D711874F21A}.Release|Any CPU.ActiveCfg = Release|Any CPU
		{D1DB90D2-DDAC-4F5E-86FA-2D711874F21A}.Release|Any CPU.Build.0 = Release|Any CPU
		{4FC27E60-0A67-454A-ACE2-ABBBF213DB67}.Debug|Any CPU.ActiveCfg = Debug|Any CPU
		{4FC27E60-0A67-454A-ACE2-ABBBF213DB67}.Debug|Any CPU.Build.0 = Debug|Any CPU
		{4FC27E60-0A67-454A-ACE2-ABBBF213DB67}.Release|Any CPU.ActiveCfg = Release|Any CPU
		{4FC27E60-0A67-454A-ACE2-ABBBF213DB67}.Release|Any CPU.Build.0 = Release|Any CPU
		{29AF6739-BA37-493C-999E-5457B1BBF0D4}.Debug|Any CPU.ActiveCfg = Debug|Any CPU
		{29AF6739-BA37-493C-999E-5457B1BBF0D4}.Debug|Any CPU.Build.0 = Debug|Any CPU
		{29AF6739-BA37-493C-999E-5457B1BBF0D4}.Release|Any CPU.ActiveCfg = Release|Any CPU
		{29AF6739-BA37-493C-999E-5457B1BBF0D4}.Release|Any CPU.Build.0 = Release|Any CPU
		{9131191B-AEA0-42D4-AAE2-C5AEC67F4A2D}.Debug|Any CPU.ActiveCfg = Debug|Any CPU
		{9131191B-AEA0-42D4-AAE2-C5AEC67F4A2D}.Debug|Any CPU.Build.0 = Debug|Any CPU
		{9131191B-AEA0-42D4-AAE2-C5AEC67F4A2D}.Release|Any CPU.ActiveCfg = Release|Any CPU
		{9131191B-AEA0-42D4-AAE2-C5AEC67F4A2D}.Release|Any CPU.Build.0 = Release|Any CPU
		{BD127D4D-490B-4BB7-86B0-0A07AFA10F1E}.Debug|Any CPU.ActiveCfg = Debug|Any CPU
		{BD127D4D-490B-4BB7-86B0-0A07AFA10F1E}.Debug|Any CPU.Build.0 = Debug|Any CPU
		{BD127D4D-490B-4BB7-86B0-0A07AFA10F1E}.Release|Any CPU.ActiveCfg = Release|Any CPU
		{BD127D4D-490B-4BB7-86B0-0A07AFA10F1E}.Release|Any CPU.Build.0 = Release|Any CPU
	EndGlobalSection
	GlobalSection(SolutionProperties) = preSolution
		HideSolutionNode = FALSE
	EndGlobalSection
	GlobalSection(ExtensibilityGlobals) = postSolution
		SolutionGuid = {F676533B-12FC-4BA2-BBD4-020176A9E64F}
	EndGlobalSection
EndGlobal
